// !$*UTF8*$!
{
	archiveVersion = 1;
	classes = {
	};
	objectVersion = 48;
	objects = {

/* Begin PBXBuildFile section */
		CA1434031EF24CD500A76EFC /* AppDelegate.swift in Sources */ = {isa = PBXBuildFile; fileRef = CA1434021EF24CD500A76EFC /* AppDelegate.swift */; };
		CA1434051EF24CD500A76EFC /* ViewController.swift in Sources */ = {isa = PBXBuildFile; fileRef = CA1434041EF24CD500A76EFC /* ViewController.swift */; };
		CA1434081EF24CD500A76EFC /* Main.storyboard in Resources */ = {isa = PBXBuildFile; fileRef = CA1434061EF24CD500A76EFC /* Main.storyboard */; };
		CA14340A1EF24CD500A76EFC /* Assets.xcassets in Resources */ = {isa = PBXBuildFile; fileRef = CA1434091EF24CD500A76EFC /* Assets.xcassets */; };
		CA14340D1EF24CD500A76EFC /* LaunchScreen.storyboard in Resources */ = {isa = PBXBuildFile; fileRef = CA14340B1EF24CD500A76EFC /* LaunchScreen.storyboard */; };
		CA1434221EF24E3400A76EFC /* ETTView.swift in Sources */ = {isa = PBXBuildFile; fileRef = CA1434211EF24E3400A76EFC /* ETTView.swift */; };
		CA1434241EF24E4000A76EFC /* ETTViewController.swift in Sources */ = {isa = PBXBuildFile; fileRef = CA1434231EF24E4000A76EFC /* ETTViewController.swift */; };
		CA1434261EF24E7A00A76EFC /* ETTTabBarController.swift in Sources */ = {isa = PBXBuildFile; fileRef = CA1434251EF24E7A00A76EFC /* ETTTabBarController.swift */; };
		CA1434281EF24E9700A76EFC /* ETTNavigationController.swift in Sources */ = {isa = PBXBuildFile; fileRef = CA1434271EF24E9700A76EFC /* ETTNavigationController.swift */; };
		CAB415701EF25D4300553CE0 /* ETTNewsViewController.swift in Sources */ = {isa = PBXBuildFile; fileRef = CAB4156F1EF25D4300553CE0 /* ETTNewsViewController.swift */; };
		CAB415721EF25D7600553CE0 /* ETTRecommendViewController.swift in Sources */ = {isa = PBXBuildFile; fileRef = CAB415711EF25D7600553CE0 /* ETTRecommendViewController.swift */; };
		CAB415741EF25D8400553CE0 /* ETTLiveViewController.swift in Sources */ = {isa = PBXBuildFile; fileRef = CAB415731EF25D8400553CE0 /* ETTLiveViewController.swift */; };
		CAB415761EF25D9100553CE0 /* ETTMeViewController.swift in Sources */ = {isa = PBXBuildFile; fileRef = CAB415751EF25D9100553CE0 /* ETTMeViewController.swift */; };
/* End PBXBuildFile section */

/* Begin PBXFileReference section */
		CA1433FF1EF24CD500A76EFC /* QQNews.app */ = {isa = PBXFileReference; explicitFileType = wrapper.application; includeInIndex = 0; path = QQNews.app; sourceTree = BUILT_PRODUCTS_DIR; };
		CA1434021EF24CD500A76EFC /* AppDelegate.swift */ = {isa = PBXFileReference; lastKnownFileType = sourcecode.swift; path = AppDelegate.swift; sourceTree = "<group>"; };
		CA1434041EF24CD500A76EFC /* ViewController.swift */ = {isa = PBXFileReference; lastKnownFileType = sourcecode.swift; path = ViewController.swift; sourceTree = "<group>"; };
		CA1434071EF24CD500A76EFC /* Base */ = {isa = PBXFileReference; lastKnownFileType = file.storyboard; name = Base; path = Base.lproj/Main.storyboard; sourceTree = "<group>"; };
		CA1434091EF24CD500A76EFC /* Assets.xcassets */ = {isa = PBXFileReference; lastKnownFileType = folder.assetcatalog; path = Assets.xcassets; sourceTree = "<group>"; };
		CA14340C1EF24CD500A76EFC /* Base */ = {isa = PBXFileReference; lastKnownFileType = file.storyboard; name = Base; path = Base.lproj/LaunchScreen.storyboard; sourceTree = "<group>"; };
		CA14340E1EF24CD500A76EFC /* Info.plist */ = {isa = PBXFileReference; lastKnownFileType = text.plist.xml; path = Info.plist; sourceTree = "<group>"; };
		CA1434211EF24E3400A76EFC /* ETTView.swift */ = {isa = PBXFileReference; lastKnownFileType = sourcecode.swift; path = ETTView.swift; sourceTree = "<group>"; };
		CA1434231EF24E4000A76EFC /* ETTViewController.swift */ = {isa = PBXFileReference; lastKnownFileType = sourcecode.swift; path = ETTViewController.swift; sourceTree = "<group>"; };
		CA1434251EF24E7A00A76EFC /* ETTTabBarController.swift */ = {isa = PBXFileReference; lastKnownFileType = sourcecode.swift; path = ETTTabBarController.swift; sourceTree = "<group>"; };
		CA1434271EF24E9700A76EFC /* ETTNavigationController.swift */ = {isa = PBXFileReference; lastKnownFileType = sourcecode.swift; path = ETTNavigationController.swift; sourceTree = "<group>"; };
		CAB4156F1EF25D4300553CE0 /* ETTNewsViewController.swift */ = {isa = PBXFileReference; lastKnownFileType = sourcecode.swift; path = ETTNewsViewController.swift; sourceTree = "<group>"; };
		CAB415711EF25D7600553CE0 /* ETTRecommendViewController.swift */ = {isa = PBXFileReference; lastKnownFileType = sourcecode.swift; path = ETTRecommendViewController.swift; sourceTree = "<group>"; };
		CAB415731EF25D8400553CE0 /* ETTLiveViewController.swift */ = {isa = PBXFileReference; lastKnownFileType = sourcecode.swift; path = ETTLiveViewController.swift; sourceTree = "<group>"; };
		CAB415751EF25D9100553CE0 /* ETTMeViewController.swift */ = {isa = PBXFileReference; lastKnownFileType = sourcecode.swift; path = ETTMeViewController.swift; sourceTree = "<group>"; };
/* End PBXFileReference section */

/* Begin PBXFrameworksBuildPhase section */
		CA1433FC1EF24CD500A76EFC /* Frameworks */ = {
			isa = PBXFrameworksBuildPhase;
			buildActionMask = 2147483647;
			files = (
			);
			runOnlyForDeploymentPostprocessing = 0;
		};
/* End PBXFrameworksBuildPhase section */

/* Begin PBXGroup section */
		CA1433F61EF24CD500A76EFC = {
			isa = PBXGroup;
			children = (
				CA1434011EF24CD500A76EFC /* QQNews */,
				CA1434001EF24CD500A76EFC /* Products */,
			);
			sourceTree = "<group>";
		};
		CA1434001EF24CD500A76EFC /* Products */ = {
			isa = PBXGroup;
			children = (
				CA1433FF1EF24CD500A76EFC /* QQNews.app */,
			);
			name = Products;
			sourceTree = "<group>";
		};
		CA1434011EF24CD500A76EFC /* QQNews */ = {
			isa = PBXGroup;
			children = (
				CA14341E1EF24DB300A76EFC /* News(新闻) */,
				CA14341F1EF24DB300A76EFC /* Recommend(推荐) */,
				CA1434201EF24DB300A76EFC /* Live(直播) */,
				CA14341D1EF24DB300A76EFC /* Me(我) */,
				CA1434141EF24DB300A76EFC /* Main(主) */,
				CA1434151EF24DB300A76EFC /* Common(公共) */,
				CA1434041EF24CD500A76EFC /* ViewController.swift */,
				CA1434061EF24CD500A76EFC /* Main.storyboard */,
				CA1434091EF24CD500A76EFC /* Assets.xcassets */,
				CA14340B1EF24CD500A76EFC /* LaunchScreen.storyboard */,
				CA14340E1EF24CD500A76EFC /* Info.plist */,
			);
			path = QQNews;
			sourceTree = "<group>";
		};
		CA1434141EF24DB300A76EFC /* Main(主) */ = {
			isa = PBXGroup;
			children = (
				CA1434021EF24CD500A76EFC /* AppDelegate.swift */,
				CA1434251EF24E7A00A76EFC /* ETTTabBarController.swift */,
				CA1434271EF24E9700A76EFC /* ETTNavigationController.swift */,
			);
			path = "Main(主)";
			sourceTree = "<group>";
		};
		CA1434151EF24DB300A76EFC /* Common(公共) */ = {
			isa = PBXGroup;
			children = (
				CA1434161EF24DB300A76EFC /* BaseClass */,
				CA1434171EF24DB300A76EFC /* Category */,
				CA1434181EF24DB300A76EFC /* Const */,
				CA1434191EF24DB300A76EFC /* DataBase */,
				CA14341A1EF24DB300A76EFC /* Extension */,
				CA14341B1EF24DB300A76EFC /* Libs */,
				CA14341C1EF24DB300A76EFC /* Network */,
			);
			path = "Common(公共)";
			sourceTree = "<group>";
		};
		CA1434161EF24DB300A76EFC /* BaseClass */ = {
			isa = PBXGroup;
			children = (
				CA1434211EF24E3400A76EFC /* ETTView.swift */,
				CA1434231EF24E4000A76EFC /* ETTViewController.swift */,
			);
			path = BaseClass;
			sourceTree = "<group>";
		};
		CA1434171EF24DB300A76EFC /* Category */ = {
			isa = PBXGroup;
			children = (
			);
			path = Category;
			sourceTree = "<group>";
		};
		CA1434181EF24DB300A76EFC /* Const */ = {
			isa = PBXGroup;
			children = (
			);
			path = Const;
			sourceTree = "<group>";
		};
		CA1434191EF24DB300A76EFC /* DataBase */ = {
			isa = PBXGroup;
			children = (
			);
			path = DataBase;
			sourceTree = "<group>";
		};
		CA14341A1EF24DB300A76EFC /* Extension */ = {
			isa = PBXGroup;
			children = (
			);
			path = Extension;
			sourceTree = "<group>";
		};
		CA14341B1EF24DB300A76EFC /* Libs */ = {
			isa = PBXGroup;
			children = (
			);
			path = Libs;
			sourceTree = "<group>";
		};
		CA14341C1EF24DB300A76EFC /* Network */ = {
			isa = PBXGroup;
			children = (
			);
			path = Network;
			sourceTree = "<group>";
		};
		CA14341D1EF24DB300A76EFC /* Me(我) */ = {
			isa = PBXGroup;
			children = (
				CAB415751EF25D9100553CE0 /* ETTMeViewController.swift */,
			);
			path = "Me(我)";
			sourceTree = "<group>";
		};
		CA14341E1EF24DB300A76EFC /* News(新闻) */ = {
			isa = PBXGroup;
			children = (
				CAB4156F1EF25D4300553CE0 /* ETTNewsViewController.swift */,
			);
			path = "News(新闻)";
			sourceTree = "<group>";
		};
		CA14341F1EF24DB300A76EFC /* Recommend(推荐) */ = {
			isa = PBXGroup;
			children = (
				CAB415711EF25D7600553CE0 /* ETTRecommendViewController.swift */,
			);
			path = "Recommend(推荐)";
			sourceTree = "<group>";
		};
		CA1434201EF24DB300A76EFC /* Live(直播) */ = {
			isa = PBXGroup;
			children = (
				CAB415731EF25D8400553CE0 /* ETTLiveViewController.swift */,
			);
			path = "Live(直播)";
			sourceTree = "<group>";
		};
/* End PBXGroup section */

/* Begin PBXNativeTarget section */
		CA1433FE1EF24CD500A76EFC /* QQNews */ = {
			isa = PBXNativeTarget;
			buildConfigurationList = CA1434111EF24CD500A76EFC /* Build configuration list for PBXNativeTarget "QQNews" */;
			buildPhases = (
				CA1433FB1EF24CD500A76EFC /* Sources */,
				CA1433FC1EF24CD500A76EFC /* Frameworks */,
				CA1433FD1EF24CD500A76EFC /* Resources */,
			);
			buildRules = (
			);
			dependencies = (
			);
			name = QQNews;
			productName = QQNews;
			productReference = CA1433FF1EF24CD500A76EFC /* QQNews.app */;
			productType = "com.apple.product-type.application";
		};
/* End PBXNativeTarget section */

/* Begin PBXProject section */
		CA1433F71EF24CD500A76EFC /* Project object */ = {
			isa = PBXProject;
			attributes = {
				CLASSPREFIX = ETT;
				LastSwiftUpdateCheck = 0900;
				LastUpgradeCheck = 0900;
				ORGANIZATIONNAME = waitWalker;
				TargetAttributes = {
					CA1433FE1EF24CD500A76EFC = {
						CreatedOnToolsVersion = 9.0;
					};
				};
			};
			buildConfigurationList = CA1433FA1EF24CD500A76EFC /* Build configuration list for PBXProject "QQNews" */;
			compatibilityVersion = "Xcode 8.0";
			developmentRegion = en;
			hasScannedForEncodings = 0;
			knownRegions = (
				en,
				Base,
			);
			mainGroup = CA1433F61EF24CD500A76EFC;
			productRefGroup = CA1434001EF24CD500A76EFC /* Products */;
			projectDirPath = "";
			projectRoot = "";
			targets = (
				CA1433FE1EF24CD500A76EFC /* QQNews */,
			);
		};
/* End PBXProject section */

/* Begin PBXResourcesBuildPhase section */
		CA1433FD1EF24CD500A76EFC /* Resources */ = {
			isa = PBXResourcesBuildPhase;
			buildActionMask = 2147483647;
			files = (
				CA14340D1EF24CD500A76EFC /* LaunchScreen.storyboard in Resources */,
				CA14340A1EF24CD500A76EFC /* Assets.xcassets in Resources */,
				CA1434081EF24CD500A76EFC /* Main.storyboard in Resources */,
			);
			runOnlyForDeploymentPostprocessing = 0;
		};
/* End PBXResourcesBuildPhase section */

/* Begin PBXSourcesBuildPhase section */
		CA1433FB1EF24CD500A76EFC /* Sources */ = {
			isa = PBXSourcesBuildPhase;
			buildActionMask = 2147483647;
			files = (
				CA1434261EF24E7A00A76EFC /* ETTTabBarController.swift in Sources */,
				CA1434221EF24E3400A76EFC /* ETTView.swift in Sources */,
				CAB415721EF25D7600553CE0 /* ETTRecommendViewController.swift in Sources */,
				CA1434051EF24CD500A76EFC /* ViewController.swift in Sources */,
				CAB415761EF25D9100553CE0 /* ETTMeViewController.swift in Sources */,
				CA1434281EF24E9700A76EFC /* ETTNavigationController.swift in Sources */,
				CA1434241EF24E4000A76EFC /* ETTViewController.swift in Sources */,
				CAB415701EF25D4300553CE0 /* ETTNewsViewController.swift in Sources */,
				CA1434031EF24CD500A76EFC /* AppDelegate.swift in Sources */,
				CAB415741EF25D8400553CE0 /* ETTLiveViewController.swift in Sources */,
			);
			runOnlyForDeploymentPostprocessing = 0;
		};
/* End PBXSourcesBuildPhase section */

/* Begin PBXVariantGroup section */
		CA1434061EF24CD500A76EFC /* Main.storyboard */ = {
			isa = PBXVariantGroup;
			children = (
				CA1434071EF24CD500A76EFC /* Base */,
			);
			name = Main.storyboard;
			sourceTree = "<group>";
		};
		CA14340B1EF24CD500A76EFC /* LaunchScreen.storyboard */ = {
			isa = PBXVariantGroup;
			children = (
				CA14340C1EF24CD500A76EFC /* Base */,
			);
			name = LaunchScreen.storyboard;
			sourceTree = "<group>";
		};
/* End PBXVariantGroup section */

/* Begin XCBuildConfiguration section */
		CA14340F1EF24CD500A76EFC /* Debug */ = {
			isa = XCBuildConfiguration;
			buildSettings = {
				ALWAYS_SEARCH_USER_PATHS = NO;
				CLANG_ANALYZER_NONNULL = YES;
				CLANG_ANALYZER_NUMBER_OBJECT_CONVERSION = YES_AGGRESSIVE;
				CLANG_CXX_LANGUAGE_STANDARD = "gnu++14";
				CLANG_CXX_LIBRARY = "libc++";
				CLANG_ENABLE_MODULES = YES;
				CLANG_ENABLE_OBJC_ARC = YES;
				CLANG_WARN_BLOCK_CAPTURE_AUTORELEASING = YES;
				CLANG_WARN_BOOL_CONVERSION = YES;
				CLANG_WARN_COMMA = YES;
				CLANG_WARN_CONSTANT_CONVERSION = YES;
				CLANG_WARN_DIRECT_OBJC_ISA_USAGE = YES_ERROR;
				CLANG_WARN_DOCUMENTATION_COMMENTS = YES;
				CLANG_WARN_EMPTY_BODY = YES;
				CLANG_WARN_ENUM_CONVERSION = YES;
				CLANG_WARN_INFINITE_RECURSION = YES;
				CLANG_WARN_INT_CONVERSION = YES;
				CLANG_WARN_OBJC_ROOT_CLASS = YES_ERROR;
				CLANG_WARN_RANGE_LOOP_ANALYSIS = YES;
				CLANG_WARN_STRICT_PROTOTYPES = YES;
				CLANG_WARN_SUSPICIOUS_MOVE = YES;
				CLANG_WARN_UNGUARDED_AVAILABILITY = YES_AGGRESSIVE;
				CLANG_WARN_UNREACHABLE_CODE = YES;
				CLANG_WARN__DUPLICATE_METHOD_MATCH = YES;
				CODE_SIGN_IDENTITY = "iPhone Developer";
				COPY_PHASE_STRIP = NO;
				DEBUG_INFORMATION_FORMAT = dwarf;
				ENABLE_STRICT_OBJC_MSGSEND = YES;
				ENABLE_TESTABILITY = YES;
				GCC_C_LANGUAGE_STANDARD = gnu11;
				GCC_DYNAMIC_NO_PIC = NO;
				GCC_NO_COMMON_BLOCKS = YES;
				GCC_OPTIMIZATION_LEVEL = 0;
				GCC_PREPROCESSOR_DEFINITIONS = (
					"DEBUG=1",
					"$(inherited)",
				);
				GCC_WARN_64_TO_32_BIT_CONVERSION = YES;
				GCC_WARN_ABOUT_RETURN_TYPE = YES_ERROR;
				GCC_WARN_UNDECLARED_SELECTOR = YES;
				GCC_WARN_UNINITIALIZED_AUTOS = YES_AGGRESSIVE;
				GCC_WARN_UNUSED_FUNCTION = YES;
				GCC_WARN_UNUSED_VARIABLE = YES;
				IPHONEOS_DEPLOYMENT_TARGET = 11.0;
				MTL_ENABLE_DEBUG_INFO = YES;
				ONLY_ACTIVE_ARCH = YES;
				SDKROOT = iphoneos;
				SWIFT_ACTIVE_COMPILATION_CONDITIONS = DEBUG;
				SWIFT_OPTIMIZATION_LEVEL = "-Onone";
			};
			name = Debug;
		};
		CA1434101EF24CD500A76EFC /* Release */ = {
			isa = XCBuildConfiguration;
			buildSettings = {
				ALWAYS_SEARCH_USER_PATHS = NO;
				CLANG_ANALYZER_NONNULL = YES;
				CLANG_ANALYZER_NUMBER_OBJECT_CONVERSION = YES_AGGRESSIVE;
				CLANG_CXX_LANGUAGE_STANDARD = "gnu++14";
				CLANG_CXX_LIBRARY = "libc++";
				CLANG_ENABLE_MODULES = YES;
				CLANG_ENABLE_OBJC_ARC = YES;
				CLANG_WARN_BLOCK_CAPTURE_AUTORELEASING = YES;
				CLANG_WARN_BOOL_CONVERSION = YES;
				CLANG_WARN_COMMA = YES;
				CLANG_WARN_CONSTANT_CONVERSION = YES;
				CLANG_WARN_DIRECT_OBJC_ISA_USAGE = YES_ERROR;
				CLANG_WARN_DOCUMENTATION_COMMENTS = YES;
				CLANG_WARN_EMPTY_BODY = YES;
				CLANG_WARN_ENUM_CONVERSION = YES;
				CLANG_WARN_INFINITE_RECURSION = YES;
				CLANG_WARN_INT_CONVERSION = YES;
				CLANG_WARN_OBJC_ROOT_CLASS = YES_ERROR;
				CLANG_WARN_RANGE_LOOP_ANALYSIS = YES;
				CLANG_WARN_STRICT_PROTOTYPES = YES;
				CLANG_WARN_SUSPICIOUS_MOVE = YES;
				CLANG_WARN_UNGUARDED_AVAILABILITY = YES_AGGRESSIVE;
				CLANG_WARN_UNREACHABLE_CODE = YES;
				CLANG_WARN__DUPLICATE_METHOD_MATCH = YES;
				CODE_SIGN_IDENTITY = "iPhone Developer";
				COPY_PHASE_STRIP = NO;
				DEBUG_INFORMATION_FORMAT = "dwarf-with-dsym";
				ENABLE_NS_ASSERTIONS = NO;
				ENABLE_STRICT_OBJC_MSGSEND = YES;
				GCC_C_LANGUAGE_STANDARD = gnu11;
				GCC_NO_COMMON_BLOCKS = YES;
				GCC_WARN_64_TO_32_BIT_CONVERSION = YES;
				GCC_WARN_ABOUT_RETURN_TYPE = YES_ERROR;
				GCC_WARN_UNDECLARED_SELECTOR = YES;
				GCC_WARN_UNINITIALIZED_AUTOS = YES_AGGRESSIVE;
				GCC_WARN_UNUSED_FUNCTION = YES;
				GCC_WARN_UNUSED_VARIABLE = YES;
				IPHONEOS_DEPLOYMENT_TARGET = 11.0;
				MTL_ENABLE_DEBUG_INFO = NO;
				SDKROOT = iphoneos;
				SWIFT_OPTIMIZATION_LEVEL = "-Owholemodule";
				VALIDATE_PRODUCT = YES;
			};
			name = Release;
		};
		CA1434121EF24CD500A76EFC /* Debug */ = {
			isa = XCBuildConfiguration;
			buildSettings = {
				ASSETCATALOG_COMPILER_APPICON_NAME = AppIcon;
				DEVELOPMENT_TEAM = 4XP6U9X87N;
				INFOPLIST_FILE = QQNews/Info.plist;
				LD_RUNPATH_SEARCH_PATHS = "$(inherited) @executable_path/Frameworks";
				PRODUCT_BUNDLE_IDENTIFIER = com.etiantian.QQNews;
				PRODUCT_NAME = "$(TARGET_NAME)";
				SWIFT_VERSION = 4.0;
				TARGETED_DEVICE_FAMILY = "1,2";
			};
			name = Debug;
		};
		CA1434131EF24CD500A76EFC /* Release */ = {
			isa = XCBuildConfiguration;
			buildSettings = {
				ASSETCATALOG_COMPILER_APPICON_NAME = AppIcon;
				DEVELOPMENT_TEAM = 4XP6U9X87N;
				INFOPLIST_FILE = QQNews/Info.plist;
				LD_RUNPATH_SEARCH_PATHS = "$(inherited) @executable_path/Frameworks";
				PRODUCT_BUNDLE_IDENTIFIER = com.etiantian.QQNews;
				PRODUCT_NAME = "$(TARGET_NAME)";
				SWIFT_VERSION = 4.0;
				TARGETED_DEVICE_FAMILY = "1,2";
			};
			name = Release;
		};
/* End XCBuildConfiguration section */

/* Begin XCConfigurationList section */
		CA1433FA1EF24CD500A76EFC /* Build configuration list for PBXProject "QQNews" */ = {
			isa = XCConfigurationList;
			buildConfigurations = (
				CA14340F1EF24CD500A76EFC /* Debug */,
				CA1434101EF24CD500A76EFC /* Release */,
			);
			defaultConfigurationIsVisible = 0;
			defaultConfigurationName = Release;
		};
		CA1434111EF24CD500A76EFC /* Build configuration list for PBXNativeTarget "QQNews" */ = {
			isa = XCConfigurationList;
			buildConfigurations = (
				CA1434121EF24CD500A76EFC /* Debug */,
				CA1434131EF24CD500A76EFC /* Release */,
			);
			defaultConfigurationIsVisible = 0;
			defaultConfigurationName = Release;
		};
/* End XCConfigurationList section */
	};
	rootObject = CA1433F71EF24CD500A76EFC /* Project object */;
}
